
Microsoft Visual Studio Solution File, Format Version 12.00
# Visual Studio Version 16
VisualStudioVersion = 16.0.30523.141
MinimumVisualStudioVersion = 10.0.40219.1
Project("{C7167F0D-BC9F-4E6E-AFE1-012C56B48DB5}") = "AppContainerWinUI3 (Package)", "AppContainerWinUI3 (Package)\AppContainerWinUI3 (Package).wapproj", "{D95109BF-2963-4F68-B0C4-DD8C59C91AF3}"
EndProject
Project("{9A19103F-16F7-4668-BE54-9A1E7A4F7556}") = "AppContainerWinUI3", "AppContainerWinUI3\AppContainerWinUI3.csproj", "{84C884F1-50CE-44D6-B8C3-12F28A44B7A6}"
EndProject
Project("{2150E333-8FDC-42A3-9474-1A3956D46DE8}") = "SolutionItems", "SolutionItems", "{00C51832-51D0-4223-9E8C-DD680585CCAF}"
	ProjectSection(SolutionItems) = preProject
		readme.md = readme.md
	EndProjectSection
EndProject
Global
	GlobalSection(SolutionConfigurationPlatforms) = preSolution
		Debug|x64 = Debug|x64
		Debug|x86 = Debug|x86
		DebugServer|x64 = DebugServer|x64
		DebugServer|x86 = DebugServer|x86
		Master|x64 = Master|x64
		Master|x86 = Master|x86
		MasterServer|x64 = MasterServer|x64
		MasterServer|x86 = MasterServer|x86
		MasterServerWithLTCG|x64 = MasterServerWithLTCG|x64
		MasterServerWithLTCG|x86 = MasterServerWithLTCG|x86
		MasterWithLTCG|x64 = MasterWithLTCG|x64
		MasterWithLTCG|x86 = MasterWithLTCG|x86
		Release|x64 = Release|x64
		Release|x86 = Release|x86
		ReleaseServer|x64 = ReleaseServer|x64
		ReleaseServer|x86 = ReleaseServer|x86
	EndGlobalSection
	GlobalSection(ProjectConfigurationPlatforms) = postSolution
		{D95109BF-2963-4F68-B0C4-DD8C59C91AF3}.Debug|x64.ActiveCfg = Debug|x64
		{D95109BF-2963-4F68-B0C4-DD8C59C91AF3}.Debug|x64.Build.0 = Debug|x64
		{D95109BF-2963-4F68-B0C4-DD8C59C91AF3}.Debug|x64.Deploy.0 = Debug|x64
		{D95109BF-2963-4F68-B0C4-DD8C59C91AF3}.Debug|x86.ActiveCfg = Debug|x86
		{D95109BF-2963-4F68-B0C4-DD8C59C91AF3}.Debug|x86.Build.0 = Debug|x86
		{D95109BF-2963-4F68-B0C4-DD8C59C91AF3}.Debug|x86.Deploy.0 = Debug|x86
		{D95109BF-2963-4F68-B0C4-DD8C59C91AF3}.DebugServer|x64.ActiveCfg = Debug|x64
		{D95109BF-2963-4F68-B0C4-DD8C59C91AF3}.DebugServer|x64.Build.0 = Debug|x64
		{D95109BF-2963-4F68-B0C4-DD8C59C91AF3}.DebugServer|x64.Deploy.0 = Debug|x64
		{D95109BF-2963-4F68-B0C4-DD8C59C91AF3}.DebugServer|x86.ActiveCfg = Debug|x86
		{D95109BF-2963-4F68-B0C4-DD8C59C91AF3}.DebugServer|x86.Build.0 = Debug|x86
		{D95109BF-2963-4F68-B0C4-DD8C59C91AF3}.DebugServer|x86.Deploy.0 = Debug|x86
		{D95109BF-2963-4F68-B0C4-DD8C59C91AF3}.Master|x64.ActiveCfg = Debug|x64
		{D95109BF-2963-4F68-B0C4-DD8C59C91AF3}.Master|x64.Build.0 = Debug|x64
		{D95109BF-2963-4F68-B0C4-DD8C59C91AF3}.Master|x64.Deploy.0 = Debug|x64
		{D95109BF-2963-4F68-B0C4-DD8C59C91AF3}.Master|x86.ActiveCfg = Debug|x86
		{D95109BF-2963-4F68-B0C4-DD8C59C91AF3}.Master|x86.Build.0 = Debug|x86
		{D95109BF-2963-4F68-B0C4-DD8C59C91AF3}.Master|x86.Deploy.0 = Debug|x86
		{D95109BF-2963-4F68-B0C4-DD8C59C91AF3}.MasterServer|x64.ActiveCfg = Debug|x64
		{D95109BF-2963-4F68-B0C4-DD8C59C91AF3}.MasterServer|x64.Build.0 = Debug|x64
		{D95109BF-2963-4F68-B0C4-DD8C59C91AF3}.MasterServer|x64.Deploy.0 = Debug|x64
		{D95109BF-2963-4F68-B0C4-DD8C59C91AF3}.MasterServer|x86.ActiveCfg = Debug|x86
		{D95109BF-2963-4F68-B0C4-DD8C59C91AF3}.MasterServer|x86.Build.0 = Debug|x86
		{D95109BF-2963-4F68-B0C4-DD8C59C91AF3}.MasterServer|x86.Deploy.0 = Debug|x86
		{D95109BF-2963-4F68-B0C4-DD8C59C91AF3}.MasterServerWithLTCG|x64.ActiveCfg = Debug|x64
		{D95109BF-2963-4F68-B0C4-DD8C59C91AF3}.MasterServerWithLTCG|x64.Build.0 = Debug|x64
		{D95109BF-2963-4F68-B0C4-DD8C59C91AF3}.MasterServerWithLTCG|x64.Deploy.0 = Debug|x64
		{D95109BF-2963-4F68-B0C4-DD8C59C91AF3}.MasterServerWithLTCG|x86.ActiveCfg = Debug|x86
		{D95109BF-2963-4F68-B0C4-DD8C59C91AF3}.MasterServerWithLTCG|x86.Build.0 = Debug|x86
		{D95109BF-2963-4F68-B0C4-DD8C59C91AF3}.MasterServerWithLTCG|x86.Deploy.0 = Debug|x86
		{D95109BF-2963-4F68-B0C4-DD8C59C91AF3}.MasterWithLTCG|x64.ActiveCfg = Debug|x64
		{D95109BF-2963-4F68-B0C4-DD8C59C91AF3}.MasterWithLTCG|x64.Build.0 = Debug|x64
		{D95109BF-2963-4F68-B0C4-DD8C59C91AF3}.MasterWithLTCG|x64.Deploy.0 = Debug|x64
		{D95109BF-2963-4F68-B0C4-DD8C59C91AF3}.MasterWithLTCG|x86.ActiveCfg = Debug|x86
		{D95109BF-2963-4F68-B0C4-DD8C59C91AF3}.MasterWithLTCG|x86.Build.0 = Debug|x86
		{D95109BF-2963-4F68-B0C4-DD8C59C91AF3}.MasterWithLTCG|x86.Deploy.0 = Debug|x86
		{D95109BF-2963-4F68-B0C4-DD8C59C91AF3}.Release|x64.ActiveCfg = Release|x64
		{D95109BF-2963-4F68-B0C4-DD8C59C91AF3}.Release|x64.Build.0 = Release|x64
		{D95109BF-2963-4F68-B0C4-DD8C59C91AF3}.Release|x64.Deploy.0 = Release|x64
		{D95109BF-2963-4F68-B0C4-DD8C59C91AF3}.Release|x86.ActiveCfg = Release|x86
		{D95109BF-2963-4F68-B0C4-DD8C59C91AF3}.Release|x86.Build.0 = Release|x86
		{D95109BF-2963-4F68-B0C4-DD8C59C91AF3}.Release|x86.Deploy.0 = Release|x86
		{D95109BF-2963-4F68-B0C4-DD8C59C91AF3}.ReleaseServer|x64.ActiveCfg = Release|x64
		{D95109BF-2963-4F68-B0C4-DD8C59C91AF3}.ReleaseServer|x64.Build.0 = Release|x64
		{D95109BF-2963-4F68-B0C4-DD8C59C91AF3}.ReleaseServer|x64.Deploy.0 = Release|x64
		{D95109BF-2963-4F68-B0C4-DD8C59C91AF3}.ReleaseServer|x86.ActiveCfg = Release|x86
		{D95109BF-2963-4F68-B0C4-DD8C59C91AF3}.ReleaseServer|x86.Build.0 = Release|x86
		{D95109BF-2963-4F68-B0C4-DD8C59C91AF3}.ReleaseServer|x86.Deploy.0 = Release|x86
		{84C884F1-50CE-44D6-B8C3-12F28A44B7A6}.Debug|x64.ActiveCfg = Debug|x64
		{84C884F1-50CE-44D6-B8C3-12F28A44B7A6}.Debug|x64.Build.0 = Debug|x64
		{84C884F1-50CE-44D6-B8C3-12F28A44B7A6}.Debug|x86.ActiveCfg = Debug|x86
		{84C884F1-50CE-44D6-B8C3-12F28A44B7A6}.Debug|x86.Build.0 = Debug|x86
		{84C884F1-50CE-44D6-B8C3-12F28A44B7A6}.DebugServer|x64.ActiveCfg = Debug|x64
		{84C884F1-50CE-44D6-B8C3-12F28A44B7A6}.DebugServer|x64.Build.0 = Debug|x64
		{84C884F1-50CE-44D6-B8C3-12F28A44B7A6}.DebugServer|x86.ActiveCfg = Debug|x86
		{84C884F1-50CE-44D6-B8C3-12F28A44B7A6}.DebugServer|x86.Build.0 = Debug|x86
		{84C884F1-50CE-44D6-B8C3-12F28A44B7A6}.Master|x64.ActiveCfg = Debug|x64
		{84C884F1-50CE-44D6-B8C3-12F28A44B7A6}.Master|x64.Build.0 = Debug|x64
		{84C884F1-50CE-44D6-B8C3-12F28A44B7A6}.Master|x86.ActiveCfg = Debug|x86
		{84C884F1-50CE-44D6-B8C3-12F28A44B7A6}.Master|x86.Build.0 = Debug|x86
		{84C884F1-50CE-44D6-B8C3-12F28A44B7A6}.MasterServer|x64.ActiveCfg = Debug|x64
		{84C884F1-50CE-44D6-B8C3-12F28A44B7A6}.MasterServer|x64.Build.0 = Debug|x64
		{84C884F1-50CE-44D6-B8C3-12F28A44B7A6}.MasterServer|x86.ActiveCfg = Debug|x86
		{84C884F1-50CE-44D6-B8C3-12F28A44B7A6}.MasterServer|x86.Build.0 = Debug|x86
		{84C884F1-50CE-44D6-B8C3-12F28A44B7A6}.MasterServerWithLTCG|x64.ActiveCfg = Debug|x64
		{84C884F1-50CE-44D6-B8C3-12F28A44B7A6}.MasterServerWithLTCG|x64.Build.0 = Debug|x64
		{84C884F1-50CE-44D6-B8C3-12F28A44B7A6}.MasterServerWithLTCG|x86.ActiveCfg = Debug|x86
		{84C884F1-50CE-44D6-B8C3-12F28A44B7A6}.MasterServerWithLTCG|x86.Build.0 = Debug|x86
		{84C884F1-50CE-44D6-B8C3-12F28A44B7A6}.MasterWithLTCG|x64.ActiveCfg = Debug|x64
		{84C884F1-50CE-44D6-B8C3-12F28A44B7A6}.MasterWithLTCG|x64.Build.0 = Debug|x64
		{84C884F1-50CE-44D6-B8C3-12F28A44B7A6}.MasterWithLTCG|x86.ActiveCfg = Debug|x86
		{84C884F1-50CE-44D6-B8C3-12F28A44B7A6}.MasterWithLTCG|x86.Build.0 = Debug|x86
		{84C884F1-50CE-44D6-B8C3-12F28A44B7A6}.Release|x64.ActiveCfg = Release|x64
		{84C884F1-50CE-44D6-B8C3-12F28A44B7A6}.Release|x64.Build.0 = Release|x64
		{84C884F1-50CE-44D6-B8C3-12F28A44B7A6}.Release|x86.ActiveCfg = Release|x86
		{84C884F1-50CE-44D6-B8C3-12F28A44B7A6}.Release|x86.Build.0 = Release|x86
		{84C884F1-50CE-44D6-B8C3-12F28A44B7A6}.ReleaseServer|x64.ActiveCfg = Release|x64
		{84C884F1-50CE-44D6-B8C3-12F28A44B7A6}.ReleaseServer|x64.Build.0 = Release|x64
		{84C884F1-50CE-44D6-B8C3-12F28A44B7A6}.ReleaseServer|x86.ActiveCfg = Release|x86
		{84C884F1-50CE-44D6-B8C3-12F28A44B7A6}.ReleaseServer|x86.Build.0 = Release|x86
	EndGlobalSection
	GlobalSection(SolutionProperties) = preSolution
		HideSolutionNode = FALSE
	EndGlobalSection
	GlobalSection(ExtensibilityGlobals) = postSolution
		SolutionGuid = {5A854A65-3A8E-4853-8BB3-669421C5E73C}
	EndGlobalSection
EndGlobal
